// !$*UTF8*$!
{
	archiveVersion = 1;
	classes = {
	};
	objectVersion = 46;
	objects = {

/* Begin PBXBuildFile section */
		DBB46D041DCBC56F00134BAF /* AppDelegate.swift in Sources */ = {isa = PBXBuildFile; fileRef = DBB46D031DCBC56F00134BAF /* AppDelegate.swift */; };
		DBB46D061DCBC56F00134BAF /* ViewController.swift in Sources */ = {isa = PBXBuildFile; fileRef = DBB46D051DCBC56F00134BAF /* ViewController.swift */; };
		DBB46D091DCBC56F00134BAF /* Main.storyboard in Resources */ = {isa = PBXBuildFile; fileRef = DBB46D071DCBC56F00134BAF /* Main.storyboard */; };
		DBB46D0B1DCBC56F00134BAF /* Assets.xcassets in Resources */ = {isa = PBXBuildFile; fileRef = DBB46D0A1DCBC56F00134BAF /* Assets.xcassets */; };
		DBB46D0E1DCBC56F00134BAF /* LaunchScreen.storyboard in Resources */ = {isa = PBXBuildFile; fileRef = DBB46D0C1DCBC56F00134BAF /* LaunchScreen.storyboard */; };
/* End PBXBuildFile section */

/* Begin PBXFileReference section */
		DBB46D001DCBC56F00134BAF /* Practice_Stopwatch.app */ = {isa = PBXFileReference; explicitFileType = wrapper.application; includeInIndex = 0; path = Practice_Stopwatch.app; sourceTree = BUILT_PRODUCTS_DIR; };
		DBB46D031DCBC56F00134BAF /* AppDelegate.swift */ = {isa = PBXFileReference; lastKnownFileType = sourcecode.swift; path = AppDelegate.swift; sourceTree = "<group>"; };
		DBB46D051DCBC56F00134BAF /* ViewController.swift */ = {isa = PBXFileReference; lastKnownFileType = sourcecode.swift; path = ViewController.swift; sourceTree = "<group>"; };
		DBB46D081DCBC56F00134BAF /* Base */ = {isa = PBXFileReference; lastKnownFileType = file.storyboard; name = Base; path = Base.lproj/Main.storyboard; sourceTree = "<group>"; };
		DBB46D0A1DCBC56F00134BAF /* Assets.xcassets */ = {isa = PBXFileReference; lastKnownFileType = folder.assetcatalog; path = Assets.xcassets; sourceTree = "<group>"; };
		DBB46D0D1DCBC56F00134BAF /* Base */ = {isa = PBXFileReference; lastKnownFileType = file.storyboard; name = Base; path = Base.lproj/LaunchScreen.storyboard; sourceTree = "<group>"; };
		DBB46D0F1DCBC56F00134BAF /* Info.plist */ = {isa = PBXFileReference; lastKnownFileType = text.plist.xml; path = Info.plist; sourceTree = "<group>"; };
/* End PBXFileReference section */

/* Begin PBXFrameworksBuildPhase section */
		DBB46CFD1DCBC56F00134BAF /* Frameworks */ = {
			isa = PBXFrameworksBuildPhase;
			buildActionMask = 2147483647;
			files = (
			);
			runOnlyForDeploymentPostprocessing = 0;
		};
/* End PBXFrameworksBuildPhase section */

/* Begin PBXGroup section */
		DBB46CF71DCBC56F00134BAF = {
			isa = PBXGroup;
			children = (
				DBB46D021DCBC56F00134BAF /* Practice_Stopwatch */,
				DBB46D011DCBC56F00134BAF /* Products */,
			);
			sourceTree = "<group>";
		};
		DBB46D011DCBC56F00134BAF /* Products */ = {
			isa = PBXGroup;
			children = (
				DBB46D001DCBC56F00134BAF /* Practice_Stopwatch.app */,
			);
			name = Products;
			sourceTree = "<group>";
		};
		DBB46D021DCBC56F00134BAF /* Practice_Stopwatch */ = {
			isa = PBXGroup;
			children = (
				DBB46D031DCBC56F00134BAF /* AppDelegate.swift */,
				DBB46D051DCBC56F00134BAF /* ViewController.swift */,
				DBB46D071DCBC56F00134BAF /* Main.storyboard */,
				DBB46D0A1DCBC56F00134BAF /* Assets.xcassets */,
				DBB46D0C1DCBC56F00134BAF /* LaunchScreen.storyboard */,
				DBB46D0F1DCBC56F00134BAF /* Info.plist */,
			);
			path = Practice_Stopwatch;
			sourceTree = "<group>";
		};
/* End PBXGroup section */

/* Begin PBXNativeTarget section */
		DBB46CFF1DCBC56F00134BAF /* Practice_Stopwatch */ = {
			isa = PBXNativeTarget;
			buildConfigurationList = DBB46D121DCBC56F00134BAF /* Build configuration list for PBXNativeTarget "Practice_Stopwatch" */;
			buildPhases = (
				DBB46CFC1DCBC56F00134BAF /* Sources */,
				DBB46CFD1DCBC56F00134BAF /* Frameworks */,
				DBB46CFE1DCBC56F00134BAF /* Resources */,
			);
			buildRules = (
			);
			dependencies = (
			);
			name = Practice_Stopwatch;
			productName = Practice_Stopwatch;
			productReference = DBB46D001DCBC56F00134BAF /* Practice_Stopwatch.app */;
			productType = "com.apple.product-type.application";
		};
/* End PBXNativeTarget section */

/* Begin PBXProject section */
		DBB46CF81DCBC56F00134BAF /* Project object */ = {
			isa = PBXProject;
			attributes = {
				LastSwiftUpdateCheck = 0800;
				LastUpgradeCheck = 0800;
				ORGANIZATIONNAME = "Lance Russ";
				TargetAttributes = {
					DBB46CFF1DCBC56F00134BAF = {
						CreatedOnToolsVersion = 8.0;
						ProvisioningStyle = Automatic;
					};
				};
			};
			buildConfigurationList = DBB46CFB1DCBC56F00134BAF /* Build configuration list for PBXProject "Practice_Stopwatch" */;
			compatibilityVersion = "Xcode 3.2";
			developmentRegion = English;
			hasScannedForEncodings = 0;
			knownRegions = (
				en,
				Base,
			);
			mainGroup = DBB46CF71DCBC56F00134BAF;
			productRefGroup = DBB46D011DCBC56F00134BAF /* Products */;
			projectDirPath = "";
			projectRoot = "";
			targets = (
				DBB46CFF1DCBC56F00134BAF /* Practice_Stopwatch */,
			);
		};
/* End PBXProject section */

/* Begin PBXResourcesBuildPhase section */
		DBB46CFE1DCBC56F00134BAF /* Resources */ = {
			isa = PBXResourcesBuildPhase;
			buildActionMask = 2147483647;
			files = (
				DBB46D0E1DCBC56F00134BAF /* LaunchScreen.storyboard in Resources */,
				DBB46D0B1DCBC56F00134BAF /* Assets.xcassets in Resources */,
				DBB46D091DCBC56F00134BAF /* Main.storyboard in Resources */,
			);
			runOnlyForDeploymentPostprocessing = 0;
		};
/* End PBXResourcesBuildPhase section */

/* Begin PBXSourcesBuildPhase section */
		DBB46CFC1DCBC56F00134BAF /* Sources */ = {
			isa = PBXSourcesBuildPhase;
			buildActionMask = 2147483647;
			files = (
				DBB46D061DCBC56F00134BAF /* ViewController.swift in Sources */,
				DBB46D041DCBC56F00134BAF /* AppDelegate.swift in Sources */,
			);
			runOnlyForDeploymentPostprocessing = 0;
		};
/* End PBXSourcesBuildPhase section */

/* Begin PBXVariantGroup section */
		DBB46D071DCBC56F00134BAF /* Main.storyboard */ = {
			isa = PBXVariantGroup;
			children = (
				DBB46D081DCBC56F00134BAF /* Base */,
			);
			name = Main.storyboard;
			sourceTree = "<group>";
		};
		DBB46D0C1DCBC56F00134BAF /* LaunchScreen.storyboard */ = {
			isa = PBXVariantGroup;
			children = (
				DBB46D0D1DCBC56F00134BAF /* Base */,
			);
			name = LaunchScreen.storyboard;
			sourceTree = "<group>";
		};
/* End PBXVariantGroup section */

/* Begin XCBuildConfiguration section */
		DBB46D101DCBC56F00134BAF /* Debug */ = {
			isa = XCBuildConfiguration;
			buildSettings = {
				ALWAYS_SEARCH_USER_PATHS = NO;
				CLANG_ANALYZER_NONNULL = YES;
				CLANG_CXX_LANGUAGE_STANDARD = "gnu++0x";
				CLANG_CXX_LIBRARY = "libc++";
				CLANG_ENABLE_MODULES = YES;
				CLANG_ENABLE_OBJC_ARC = YES;
				CLANG_WARN_BOOL_CONVERSION = YES;
				CLANG_WARN_CONSTANT_CONVERSION = YES;
				CLANG_WARN_DIRECT_OBJC_ISA_USAGE = YES_ERROR;
				CLANG_WARN_DOCUMENTATION_COMMENTS = YES;
				CLANG_WARN_EMPTY_BODY = YES;
				CLANG_WARN_ENUM_CONVERSION = YES;
				CLANG_WARN_INFINITE_RECURSION = YES;
				CLANG_WARN_INT_CONVERSION = YES;
				CLANG_WARN_OBJC_ROOT_CLASS = YES_ERROR;
				CLANG_WARN_SUSPICIOUS_MOVES = YES;
				CLANG_WARN_UNREACHABLE_CODE = YES;
				CLANG_WARN__DUPLICATE_METHOD_MATCH = YES;
				"CODE_SIGN_IDENTITY[sdk=iphoneos*]" = "iPhone Developer";
				COPY_PHASE_STRIP = NO;
				DEBUG_INFORMATION_FORMAT = dwarf;
				ENABLE_STRICT_OBJC_MSGSEND = YES;
				ENABLE_TESTABILITY = YES;
				GCC_C_LANGUAGE_STANDARD = gnu99;
				GCC_DYNAMIC_NO_PIC = NO;
				GCC_NO_COMMON_BLOCKS = YES;
				GCC_OPTIMIZATION_LEVEL = 0;
				GCC_PREPROCESSOR_DEFINITIONS = (
					"DEBUG=1",
					"$(inherited)",
				);
				GCC_WARN_64_TO_32_BIT_CONVERSION = YES;
				GCC_WARN_ABOUT_RETURN_TYPE = YES_ERROR;
				GCC_WARN_UNDECLARED_SELECTOR = YES;
				GCC_WARN_UNINITIALIZED_AUTOS = YES_AGGRESSIVE;
				GCC_WARN_UNUSED_FUNCTION = YES;
				GCC_WARN_UNUSED_VARIABLE = YES;
				IPHONEOS_DEPLOYMENT_TARGET = 10.0;
				MTL_ENABLE_DEBUG_INFO = YES;
				ONLY_ACTIVE_ARCH = YES;
				SDKROOT = iphoneos;
				SWIFT_ACTIVE_COMPILATION_CONDITIONS = DEBUG;
				SWIFT_OPTIMIZATION_LEVEL = "-Onone";
			};
			name = Debug;
		};
		DBB46D111DCBC56F00134BAF /* Release */ = {
			isa = XCBuildConfiguration;
			buildSettings = {
				ALWAYS_SEARCH_USER_PATHS = NO;
				CLANG_ANALYZER_NONNULL = YES;
				CLANG_CXX_LANGUAGE_STANDARD = "gnu++0x";
				CLANG_CXX_LIBRARY = "libc++";
				CLANG_ENABLE_MODULES = YES;
				CLANG_ENABLE_OBJC_ARC = YES;
				CLANG_WARN_BOOL_CONVERSION = YES;
				CLANG_WARN_CONSTANT_CONVERSION = YES;
				CLANG_WARN_DIRECT_OBJC_ISA_USAGE = YES_ERROR;
				CLANG_WARN_DOCUMENTATION_COMMENTS = YES;
				CLANG_WARN_EMPTY_BODY = YES;
				CLANG_WARN_ENUM_CONVERSION = YES;
				CLANG_WARN_INFINITE_RECURSION = YES;
				CLANG_WARN_INT_CONVERSION = YES;
				CLANG_WARN_OBJC_ROOT_CLASS = YES_ERROR;
				CLANG_WARN_SUSPICIOUS_MOVES = YES;
				CLANG_WARN_UNREACHABLE_CODE = YES;
				CLANG_WARN__DUPLICATE_METHOD_MATCH = YES;
				"CODE_SIGN_IDENTITY[sdk=iphoneos*]" = "iPhone Developer";
				COPY_PHASE_STRIP = NO;
				DEBUG_INFORMATION_FORMAT = "dwarf-with-dsym";
				ENABLE_NS_ASSERTIONS = NO;
				ENABLE_STRICT_OBJC_MSGSEND = YES;
				GCC_C_LANGUAGE_STANDARD = gnu99;
				GCC_NO_COMMON_BLOCKS = YES;
				GCC_WARN_64_TO_32_BIT_CONVERSION = YES;
				GCC_WARN_ABOUT_RETURN_TYPE = YES_ERROR;
				GCC_WARN_UNDECLARED_SELECTOR = YES;
				GCC_WARN_UNINITIALIZED_AUTOS = YES_AGGRESSIVE;
				GCC_WARN_UNUSED_FUNCTION = YES;
				GCC_WARN_UNUSED_VARIABLE = YES;
				IPHONEOS_DEPLOYMENT_TARGET = 10.0;
				MTL_ENABLE_DEBUG_INFO = NO;
				SDKROOT = iphoneos;
				SWIFT_OPTIMIZATION_LEVEL = "-Owholemodule";
				VALIDATE_PRODUCT = YES;
			};
			name = Release;
		};
		DBB46D131DCBC56F00134BAF /* Debug */ = {
			isa = XCBuildConfiguration;
			buildSettings = {
				ASSETCATALOG_COMPILER_APPICON_NAME = AppIcon;
				INFOPLIST_FILE = Practice_Stopwatch/Info.plist;
				LD_RUNPATH_SEARCH_PATHS = "$(inherited) @executable_path/Frameworks";
				PRODUCT_BUNDLE_IDENTIFIER = "com.codefriends.Practice-Stopwatch";
				PRODUCT_NAME = "$(TARGET_NAME)";
				SWIFT_VERSION = 3.0;
			};
			name = Debug;
		};
		DBB46D141DCBC56F00134BAF /* Release */ = {
			isa = XCBuildConfiguration;
			buildSettings = {
				ASSETCATALOG_COMPILER_APPICON_NAME = AppIcon;
				INFOPLIST_FILE = Practice_Stopwatch/Info.plist;
				LD_RUNPATH_SEARCH_PATHS = "$(inherited) @executable_path/Frameworks";
				PRODUCT_BUNDLE_IDENTIFIER = "com.codefriends.Practice-Stopwatch";
				PRODUCT_NAME = "$(TARGET_NAME)";
				SWIFT_VERSION = 3.0;
			};
			name = Release;
		};
/* End XCBuildConfiguration section */

/* Begin XCConfigurationList section */
		DBB46CFB1DCBC56F00134BAF /* Build configuration list for PBXProject "Practice_Stopwatch" */ = {
			isa = XCConfigurationList;
			buildConfigurations = (
				DBB46D101DCBC56F00134BAF /* Debug */,
				DBB46D111DCBC56F00134BAF /* Release */,
			);
			defaultConfigurationIsVisible = 0;
			defaultConfigurationName = Release;
		};
		DBB46D121DCBC56F00134BAF /* Build configuration list for PBXNativeTarget "Practice_Stopwatch" */ = {
			isa = XCConfigurationList;
			buildConfigurations = (
				DBB46D131DCBC56F00134BAF /* Debug */,
				DBB46D141DCBC56F00134BAF /* Release */,
			);
			defaultConfigurationIsVisible = 0;
		};
/* End XCConfigurationList section */
	};
	rootObject = DBB46CF81DCBC56F00134BAF /* Project object */;
}
